
Microsoft Visual Studio Solution File, Format Version 12.00
# Visual Studio Version 17
VisualStudioVersion = 17.5.33530.505
MinimumVisualStudioVersion = 10.0.40219.1
Project("{9A19103F-16F7-4668-BE54-9A1E7A4F7556}") = "BlazorServer", "BlazorServer\BlazorServer.csproj", "{ADDA41C5-5839-47EE-98E2-A879F8E10649}"
EndProject
Project("{9A19103F-16F7-4668-BE54-9A1E7A4F7556}") = "BlazorServer.Web.Api", "BlazorServer.Web.Api\BlazorServer.Web.Api.csproj", "{775E2F80-A9FD-4D5C-9D42-B639C65634BF}"
EndProject
Global
	GlobalSection(SolutionConfigurationPlatforms) = preSolution
		Debug|Any CPU = Debug|Any CPU
		Release|Any CPU = Release|Any CPU
	EndGlobalSection
	GlobalSection(ProjectConfigurationPlatforms) = postSolution
		{ADDA41C5-5839-47EE-98E2-A879F8E10649}.Debug|Any CPU.ActiveCfg = Debug|Any CPU
		{ADDA41C5-5839-47EE-98E2-A879F8E10649}.Debug|Any CPU.Build.0 = Debug|Any CPU
		{ADDA41C5-5839-47EE-98E2-A879F8E10649}.Release|Any CPU.ActiveCfg = Release|Any CPU
		{ADDA41C5-5839-47EE-98E2-A879F8E10649}.Release|Any CPU.Build.0 = Release|Any CPU
		{775E2F80-A9FD-4D5C-9D42-B639C65634BF}.Debug|Any CPU.ActiveCfg = Debug|Any CPU
		{775E2F80-A9FD-4D5C-9D42-B639C65634BF}.Debug|Any CPU.Build.0 = Debug|Any CPU
		{775E2F80-A9FD-4D5C-9D42-B639C65634BF}.Release|Any CPU.ActiveCfg = Release|Any CPU
		{775E2F80-A9FD-4D5C-9D42-B639C65634BF}.Release|Any CPU.Build.0 = Release|Any CPU
	EndGlobalSection
	GlobalSection(SolutionProperties) = preSolution
		HideSolutionNode = FALSE
	EndGlobalSection
	GlobalSection(ExtensibilityGlobals) = postSolution
		SolutionGuid = {D27B8F9A-2B8F-4E9A-8F80-6D14EFD5940C}
	EndGlobalSection
EndGlobal
